
Microsoft Visual Studio Solution File, Format Version 12.00
# Visual Studio Version 17
VisualStudioVersion = 17.5.002.0
MinimumVisualStudioVersion = 10.0.40219.1
Project("{9A19103F-16F7-4668-BE54-9A1E7A4F7556}") = "PlanningPoker.Api", "PlanningPoker.Api\PlanningPoker.Api.csproj", "{C68FE270-6DF3-4687-81EB-01947BE63BD8}"
EndProject
Project("{FAE04EC0-301F-11D3-BF4B-00C04F79EFBC}") = "PlanningPoker.Auth", "PlanningPoker.Auth\PlanningPoker.Auth.csproj", "{1EEA9432-BD1E-4AA2-9D71-FAC189C95655}"
EndProject
Global
	GlobalSection(SolutionConfigurationPlatforms) = preSolution
		Debug|Any CPU = Debug|Any CPU
		Release|Any CPU = Release|Any CPU
	EndGlobalSection
	GlobalSection(ProjectConfigurationPlatforms) = postSolution
		{C68FE270-6DF3-4687-81EB-01947BE63BD8}.Debug|Any CPU.ActiveCfg = Debug|Any CPU
		{C68FE270-6DF3-4687-81EB-01947BE63BD8}.Debug|Any CPU.Build.0 = Debug|Any CPU
		{C68FE270-6DF3-4687-81EB-01947BE63BD8}.Release|Any CPU.ActiveCfg = Release|Any CPU
		{C68FE270-6DF3-4687-81EB-01947BE63BD8}.Release|Any CPU.Build.0 = Release|Any CPU
		{1EEA9432-BD1E-4AA2-9D71-FAC189C95655}.Debug|Any CPU.ActiveCfg = Debug|Any CPU
		{1EEA9432-BD1E-4AA2-9D71-FAC189C95655}.Debug|Any CPU.Build.0 = Debug|Any CPU
		{1EEA9432-BD1E-4AA2-9D71-FAC189C95655}.Release|Any CPU.ActiveCfg = Release|Any CPU
		{1EEA9432-BD1E-4AA2-9D71-FAC189C95655}.Release|Any CPU.Build.0 = Release|Any CPU
	EndGlobalSection
	GlobalSection(SolutionProperties) = preSolution
		HideSolutionNode = FALSE
	EndGlobalSection
	GlobalSection(ExtensibilityGlobals) = postSolution
		SolutionGuid = {F3A733D5-653B-4D98-9491-687AF644738D}
	EndGlobalSection
EndGlobal
